// !$*UTF8*$!
{
	archiveVersion = 1;
	classes = {
	};
	objectVersion = 60;
	objects = {

/* Begin PBXBuildFile section */
		5B517EF62C12F0D500F0FA00 /* InfoPlist.xcstrings in Resources */ = {isa = PBXBuildFile; fileRef = 5B517EF52C12F0D500F0FA00 /* InfoPlist.xcstrings */; };
		5B5181712C13084100F0FA00 /* R128xSPM in Resources */ = {isa = PBXBuildFile; fileRef = 5B5180642C13084000F0FA00 /* R128xSPM */; };
		5B5181742C13085000F0FA00 /* R128xKit in Frameworks */ = {isa = PBXBuildFile; productRef = 5B5181732C13085000F0FA00 /* R128xKit */; };
		5BDCA1B62A6D51D400F7202E /* MainApp.swift in Sources */ = {isa = PBXBuildFile; fileRef = 5BDCA1B52A6D51D400F7202E /* MainApp.swift */; };
		5BDCA1BD2A6D51D500F7202E /* Preview Assets.xcassets in Resources */ = {isa = PBXBuildFile; fileRef = 5BDCA1BC2A6D51D500F7202E /* Preview Assets.xcassets */; };
		5BDCA1C22A6D51E900F7202E /* Assets.xcassets in Resources */ = {isa = PBXBuildFile; fileRef = 5BDCA1A52A6D4C6B00F7202E /* Assets.xcassets */; };
		5BDCA1CC2A6D892F00F7202E /* Credits.rtf in Resources */ = {isa = PBXBuildFile; fileRef = F5CDA3491713162E001649E7 /* Credits.rtf */; };
/* End PBXBuildFile section */

/* Begin PBXFileReference section */
		564C37121605ABFC00C3F184 /* CoreFoundation.framework */ = {isa = PBXFileReference; lastKnownFileType = wrapper.framework; name = CoreFoundation.framework; path = System/Library/Frameworks/CoreFoundation.framework; sourceTree = SDKROOT; };
		564C37301605B1CE00C3F184 /* AudioToolbox.framework */ = {isa = PBXFileReference; lastKnownFileType = wrapper.framework; name = AudioToolbox.framework; path = System/Library/Frameworks/AudioToolbox.framework; sourceTree = SDKROOT; };
		565EC47317127B49008B09A2 /* Foundation.framework */ = {isa = PBXFileReference; lastKnownFileType = wrapper.framework; name = Foundation.framework; path = System/Library/Frameworks/Foundation.framework; sourceTree = SDKROOT; };
		5B517EF52C12F0D500F0FA00 /* InfoPlist.xcstrings */ = {isa = PBXFileReference; lastKnownFileType = text.json.xcstrings; path = InfoPlist.xcstrings; sourceTree = "<group>"; };
		5B5180642C13084000F0FA00 /* R128xSPM */ = {isa = PBXFileReference; lastKnownFileType = wrapper; path = R128xSPM; sourceTree = "<group>"; };
		5B84B8052A8915FE0049E107 /* zh-Hant */ = {isa = PBXFileReference; lastKnownFileType = text.rtf; name = "zh-Hant"; path = "zh-Hant.lproj/Credits.rtf"; sourceTree = "<group>"; };
		5B84B8062A8916040049E107 /* zh-Hans */ = {isa = PBXFileReference; lastKnownFileType = text.rtf; name = "zh-Hans"; path = "zh-Hans.lproj/Credits.rtf"; sourceTree = "<group>"; };
		5B84B8072A8916090049E107 /* ja */ = {isa = PBXFileReference; lastKnownFileType = text.rtf; name = ja; path = ja.lproj/Credits.rtf; sourceTree = "<group>"; };
		5BDCA1A52A6D4C6B00F7202E /* Assets.xcassets */ = {isa = PBXFileReference; lastKnownFileType = folder.assetcatalog; path = Assets.xcassets; sourceTree = "<group>"; };
		5BDCA1B32A6D51D400F7202E /* r128x-swiftui.app */ = {isa = PBXFileReference; explicitFileType = wrapper.application; includeInIndex = 0; path = "r128x-swiftui.app"; sourceTree = BUILT_PRODUCTS_DIR; };
		5BDCA1B52A6D51D400F7202E /* MainApp.swift */ = {isa = PBXFileReference; lastKnownFileType = sourcecode.swift; path = MainApp.swift; sourceTree = "<group>"; };
		5BDCA1BC2A6D51D500F7202E /* Preview Assets.xcassets */ = {isa = PBXFileReference; lastKnownFileType = folder.assetcatalog; path = "Preview Assets.xcassets"; sourceTree = "<group>"; };
		5BDCA1BE2A6D51D500F7202E /* r128x_swiftui.entitlements */ = {isa = PBXFileReference; lastKnownFileType = text.plist.entitlements; path = r128x_swiftui.entitlements; sourceTree = "<group>"; };
		5BDCA1CB2A6D86AF00F7202E /* fr */ = {isa = PBXFileReference; lastKnownFileType = text.rtf; name = fr; path = fr.lproj/Credits.rtf; sourceTree = "<group>"; };
		5BFD76992C1319C300EFC87D /* Info.plist */ = {isa = PBXFileReference; lastKnownFileType = text.plist; path = Info.plist; sourceTree = "<group>"; };
		F5CDA33A1713162E001649E7 /* Cocoa.framework */ = {isa = PBXFileReference; lastKnownFileType = wrapper.framework; name = Cocoa.framework; path = System/Library/Frameworks/Cocoa.framework; sourceTree = SDKROOT; };
		F5CDA33D1713162E001649E7 /* AppKit.framework */ = {isa = PBXFileReference; lastKnownFileType = wrapper.framework; name = AppKit.framework; path = System/Library/Frameworks/AppKit.framework; sourceTree = SDKROOT; };
		F5CDA33E1713162E001649E7 /* CoreData.framework */ = {isa = PBXFileReference; lastKnownFileType = wrapper.framework; name = CoreData.framework; path = System/Library/Frameworks/CoreData.framework; sourceTree = SDKROOT; };
		F5CDA33F1713162E001649E7 /* Foundation.framework */ = {isa = PBXFileReference; lastKnownFileType = wrapper.framework; name = Foundation.framework; path = System/Library/Frameworks/Foundation.framework; sourceTree = SDKROOT; };
		F5CDA34A1713162E001649E7 /* en */ = {isa = PBXFileReference; lastKnownFileType = text.rtf; name = en; path = en.lproj/Credits.rtf; sourceTree = "<group>"; };
/* End PBXFileReference section */

/* Begin PBXFrameworksBuildPhase section */
		5BDCA1B02A6D51D400F7202E /* Frameworks */ = {
			isa = PBXFrameworksBuildPhase;
			buildActionMask = 2147483647;
			files = (
				5B5181742C13085000F0FA00 /* R128xKit in Frameworks */,
			);
			runOnlyForDeploymentPostprocessing = 0;
		};
/* End PBXFrameworksBuildPhase section */

/* Begin PBXGroup section */
		564C37031605ABFC00C3F184 = {
			isa = PBXGroup;
			children = (
				5B5180652C13084000F0FA00 /* SPMPackages */,
				5BDCA1B42A6D51D400F7202E /* r128x-swiftui */,
				564C37111605ABFC00C3F184 /* Frameworks */,
				564C370F1605ABFC00C3F184 /* Products */,
			);
			sourceTree = "<group>";
		};
		564C370F1605ABFC00C3F184 /* Products */ = {
			isa = PBXGroup;
			children = (
				5BDCA1B32A6D51D400F7202E /* r128x-swiftui.app */,
			);
			name = Products;
			sourceTree = "<group>";
		};
		564C37111605ABFC00C3F184 /* Frameworks */ = {
			isa = PBXGroup;
			children = (
				564C37301605B1CE00C3F184 /* AudioToolbox.framework */,
				564C37121605ABFC00C3F184 /* CoreFoundation.framework */,
				565EC47317127B49008B09A2 /* Foundation.framework */,
				F5CDA33A1713162E001649E7 /* Cocoa.framework */,
				F5CDA33C1713162E001649E7 /* Other Frameworks */,
			);
			name = Frameworks;
			sourceTree = "<group>";
		};
		5B5180652C13084000F0FA00 /* SPMPackages */ = {
			isa = PBXGroup;
			children = (
				5B5180642C13084000F0FA00 /* R128xSPM */,
			);
			path = SPMPackages;
			sourceTree = "<group>";
		};
		5BDCA1B42A6D51D400F7202E /* r128x-swiftui */ = {
			isa = PBXGroup;
			children = (
				5BFD76992C1319C300EFC87D /* Info.plist */,
				5BDCA1A52A6D4C6B00F7202E /* Assets.xcassets */,
				F5CDA3491713162E001649E7 /* Credits.rtf */,
				5B517EF52C12F0D500F0FA00 /* InfoPlist.xcstrings */,
				5BDCA1B52A6D51D400F7202E /* MainApp.swift */,
				5BDCA1BE2A6D51D500F7202E /* r128x_swiftui.entitlements */,
				5BDCA1BB2A6D51D500F7202E /* Preview Content */,
			);
			path = "r128x-swiftui";
			sourceTree = "<group>";
		};
		5BDCA1BB2A6D51D500F7202E /* Preview Content */ = {
			isa = PBXGroup;
			children = (
				5BDCA1BC2A6D51D500F7202E /* Preview Assets.xcassets */,
			);
			path = "Preview Content";
			sourceTree = "<group>";
		};
		F5CDA33C1713162E001649E7 /* Other Frameworks */ = {
			isa = PBXGroup;
			children = (
				F5CDA33D1713162E001649E7 /* AppKit.framework */,
				F5CDA33E1713162E001649E7 /* CoreData.framework */,
				F5CDA33F1713162E001649E7 /* Foundation.framework */,
			);
			name = "Other Frameworks";
			sourceTree = "<group>";
		};
/* End PBXGroup section */

/* Begin PBXNativeTarget section */
		5BDCA1B22A6D51D400F7202E /* r128x-swiftui */ = {
			isa = PBXNativeTarget;
			buildConfigurationList = 5BDCA1C12A6D51D500F7202E /* Build configuration list for PBXNativeTarget "r128x-swiftui" */;
			buildPhases = (
				5BDCA1AF2A6D51D400F7202E /* Sources */,
				5BDCA1B02A6D51D400F7202E /* Frameworks */,
				5BDCA1B12A6D51D400F7202E /* Resources */,
			);
			buildRules = (
			);
			dependencies = (
			);
			name = "r128x-swiftui";
			packageProductDependencies = (
				5B5181732C13085000F0FA00 /* R128xKit */,
			);
			productName = "r128x-swiftui";
			productReference = 5BDCA1B32A6D51D400F7202E /* r128x-swiftui.app */;
			productType = "com.apple.product-type.application";
		};
/* End PBXNativeTarget section */

/* Begin PBXProject section */
		564C37051605ABFC00C3F184 /* Project object */ = {
			isa = PBXProject;
			attributes = {
				BuildIndependentTargetsInParallel = YES;
				LastSwiftUpdateCheck = 1430;
				LastUpgradeCheck = 1600;
				ORGANIZATIONNAME = "Manuel Naudin";
				TargetAttributes = {
					5BDCA1B22A6D51D400F7202E = {
						CreatedOnToolsVersion = 14.3.1;
						LastSwiftMigration = 1430;
					};
				};
			};
			buildConfigurationList = 564C37081605ABFC00C3F184 /* Build configuration list for PBXProject "r128x" */;
			compatibilityVersion = "Xcode 3.2";
			developmentRegion = en;
			hasScannedForEncodings = 0;
			knownRegions = (
				en,
				Base,
				fr,
				"zh-Hant",
				"zh-Hans",
				ja,
			);
			mainGroup = 564C37031605ABFC00C3F184;
			packageReferences = (
				5B5181722C13085000F0FA00 /* XCLocalSwiftPackageReference "SPMPackages/R128xSPM" */,
			);
			productRefGroup = 564C370F1605ABFC00C3F184 /* Products */;
			projectDirPath = "";
			projectRoot = "";
			targets = (
				5BDCA1B22A6D51D400F7202E /* r128x-swiftui */,
			);
		};
/* End PBXProject section */

/* Begin PBXResourcesBuildPhase section */
		5BDCA1B12A6D51D400F7202E /* Resources */ = {
			isa = PBXResourcesBuildPhase;
			buildActionMask = 2147483647;
			files = (
				5BDCA1BD2A6D51D500F7202E /* Preview Assets.xcassets in Resources */,
				5B517EF62C12F0D500F0FA00 /* InfoPlist.xcstrings in Resources */,
				5BDCA1CC2A6D892F00F7202E /* Credits.rtf in Resources */,
				5B5181712C13084100F0FA00 /* R128xSPM in Resources */,
				5BDCA1C22A6D51E900F7202E /* Assets.xcassets in Resources */,
			);
			runOnlyForDeploymentPostprocessing = 0;
		};
/* End PBXResourcesBuildPhase section */

/* Begin PBXSourcesBuildPhase section */
		5BDCA1AF2A6D51D400F7202E /* Sources */ = {
			isa = PBXSourcesBuildPhase;
			buildActionMask = 2147483647;
			files = (
				5BDCA1B62A6D51D400F7202E /* MainApp.swift in Sources */,
			);
			runOnlyForDeploymentPostprocessing = 0;
		};
/* End PBXSourcesBuildPhase section */

/* Begin PBXVariantGroup section */
		F5CDA3491713162E001649E7 /* Credits.rtf */ = {
			isa = PBXVariantGroup;
			children = (
				F5CDA34A1713162E001649E7 /* en */,
				5BDCA1CB2A6D86AF00F7202E /* fr */,
				5B84B8052A8915FE0049E107 /* zh-Hant */,
				5B84B8062A8916040049E107 /* zh-Hans */,
				5B84B8072A8916090049E107 /* ja */,
			);
			name = Credits.rtf;
			sourceTree = "<group>";
		};
/* End PBXVariantGroup section */

/* Begin XCBuildConfiguration section */
		564C37191605ABFC00C3F184 /* Debug */ = {
			isa = XCBuildConfiguration;
			buildSettings = {
				ALWAYS_SEARCH_USER_PATHS = NO;
				ASSETCATALOG_COMPILER_GENERATE_SWIFT_ASSET_SYMBOL_EXTENSIONS = YES;
				CLANG_ANALYZER_LOCALIZABILITY_NONLOCALIZED = YES;
				CLANG_CXX_LANGUAGE_STANDARD = "gnu++0x";
				CLANG_WARN_BLOCK_CAPTURE_AUTORELEASING = YES;
				CLANG_WARN_BOOL_CONVERSION = YES;
				CLANG_WARN_COMMA = YES;
				CLANG_WARN_CONSTANT_CONVERSION = YES;
				CLANG_WARN_DEPRECATED_OBJC_IMPLEMENTATIONS = YES;
				CLANG_WARN_EMPTY_BODY = YES;
				CLANG_WARN_ENUM_CONVERSION = YES;
				CLANG_WARN_INFINITE_RECURSION = YES;
				CLANG_WARN_INT_CONVERSION = YES;
				CLANG_WARN_NON_LITERAL_NULL_CONVERSION = YES;
				CLANG_WARN_OBJC_IMPLICIT_RETAIN_SELF = YES;
				CLANG_WARN_OBJC_LITERAL_CONVERSION = YES;
				CLANG_WARN_QUOTED_INCLUDE_IN_FRAMEWORK_HEADER = YES;
				CLANG_WARN_RANGE_LOOP_ANALYSIS = YES;
				CLANG_WARN_STRICT_PROTOTYPES = YES;
				CLANG_WARN_SUSPICIOUS_MOVE = YES;
				CLANG_WARN_UNREACHABLE_CODE = YES;
				CLANG_WARN__DUPLICATE_METHOD_MATCH = YES;
				COPY_PHASE_STRIP = NO;
				DEAD_CODE_STRIPPING = YES;
				ENABLE_STRICT_OBJC_MSGSEND = YES;
				ENABLE_TESTABILITY = YES;
				ENABLE_USER_SCRIPT_SANDBOXING = YES;
				GCC_C_LANGUAGE_STANDARD = gnu99;
				GCC_DYNAMIC_NO_PIC = NO;
				GCC_ENABLE_OBJC_EXCEPTIONS = YES;
				GCC_NO_COMMON_BLOCKS = YES;
				GCC_OPTIMIZATION_LEVEL = 0;
				GCC_PREPROCESSOR_DEFINITIONS = (
					"DEBUG=1",
					"$(inherited)",
				);
				GCC_SYMBOLS_PRIVATE_EXTERN = NO;
				GCC_WARN_64_TO_32_BIT_CONVERSION = YES;
				GCC_WARN_ABOUT_RETURN_TYPE = YES;
				GCC_WARN_UNDECLARED_SELECTOR = YES;
				GCC_WARN_UNINITIALIZED_AUTOS = YES;
				GCC_WARN_UNUSED_FUNCTION = YES;
				GCC_WARN_UNUSED_VARIABLE = YES;
				LOCALIZATION_PREFERS_STRING_CATALOGS = YES;
				MACOSX_DEPLOYMENT_TARGET = "$(RECOMMENDED_MACOSX_DEPLOYMENT_TARGET)";
				ONLY_ACTIVE_ARCH = YES;
				SDKROOT = macosx;
			};
			name = Debug;
		};
		564C371A1605ABFC00C3F184 /* Release */ = {
			isa = XCBuildConfiguration;
			buildSettings = {
				ALWAYS_SEARCH_USER_PATHS = NO;
				ASSETCATALOG_COMPILER_GENERATE_SWIFT_ASSET_SYMBOL_EXTENSIONS = YES;
				CLANG_ANALYZER_LOCALIZABILITY_NONLOCALIZED = YES;
				CLANG_CXX_LANGUAGE_STANDARD = "gnu++0x";
				CLANG_WARN_BLOCK_CAPTURE_AUTORELEASING = YES;
				CLANG_WARN_BOOL_CONVERSION = YES;
				CLANG_WARN_COMMA = YES;
				CLANG_WARN_CONSTANT_CONVERSION = YES;
				CLANG_WARN_DEPRECATED_OBJC_IMPLEMENTATIONS = YES;
				CLANG_WARN_EMPTY_BODY = YES;
				CLANG_WARN_ENUM_CONVERSION = YES;
				CLANG_WARN_INFINITE_RECURSION = YES;
				CLANG_WARN_INT_CONVERSION = YES;
				CLANG_WARN_NON_LITERAL_NULL_CONVERSION = YES;
				CLANG_WARN_OBJC_IMPLICIT_RETAIN_SELF = YES;
				CLANG_WARN_OBJC_LITERAL_CONVERSION = YES;
				CLANG_WARN_QUOTED_INCLUDE_IN_FRAMEWORK_HEADER = YES;
				CLANG_WARN_RANGE_LOOP_ANALYSIS = YES;
				CLANG_WARN_STRICT_PROTOTYPES = YES;
				CLANG_WARN_SUSPICIOUS_MOVE = YES;
				CLANG_WARN_UNREACHABLE_CODE = YES;
				CLANG_WARN__DUPLICATE_METHOD_MATCH = YES;
				COPY_PHASE_STRIP = YES;
				DEAD_CODE_STRIPPING = YES;
				DEBUG_INFORMATION_FORMAT = "dwarf-with-dsym";
				ENABLE_STRICT_OBJC_MSGSEND = YES;
				ENABLE_USER_SCRIPT_SANDBOXING = YES;
				GCC_C_LANGUAGE_STANDARD = gnu99;
				GCC_ENABLE_OBJC_EXCEPTIONS = YES;
				GCC_NO_COMMON_BLOCKS = YES;
				GCC_WARN_64_TO_32_BIT_CONVERSION = YES;
				GCC_WARN_ABOUT_RETURN_TYPE = YES;
				GCC_WARN_UNDECLARED_SELECTOR = YES;
				GCC_WARN_UNINITIALIZED_AUTOS = YES;
				GCC_WARN_UNUSED_FUNCTION = YES;
				GCC_WARN_UNUSED_VARIABLE = YES;
				LOCALIZATION_PREFERS_STRING_CATALOGS = YES;
				MACOSX_DEPLOYMENT_TARGET = "$(RECOMMENDED_MACOSX_DEPLOYMENT_TARGET)";
				ONLY_ACTIVE_ARCH = NO;
				SDKROOT = macosx;
			};
			name = Release;
		};
		5BDCA1BF2A6D51D500F7202E /* Debug */ = {
			isa = XCBuildConfiguration;
			buildSettings = {
				ASSETCATALOG_COMPILER_APPICON_NAME = AppIcon;
				CLANG_ANALYZER_NONNULL = YES;
				CLANG_ANALYZER_NUMBER_OBJECT_CONVERSION = YES_AGGRESSIVE;
				CLANG_CXX_LANGUAGE_STANDARD = "gnu++20";
				CLANG_ENABLE_MODULES = YES;
				CLANG_ENABLE_OBJC_ARC = YES;
				CLANG_ENABLE_OBJC_WEAK = YES;
				CLANG_WARN_DIRECT_OBJC_ISA_USAGE = YES_ERROR;
				CLANG_WARN_DOCUMENTATION_COMMENTS = YES;
				CLANG_WARN_OBJC_ROOT_CLASS = YES_ERROR;
				CLANG_WARN_UNGUARDED_AVAILABILITY = YES_AGGRESSIVE;
				CODE_SIGN_ENTITLEMENTS = "r128x-swiftui/r128x_swiftui.entitlements";
				CODE_SIGN_STYLE = Automatic;
				COMBINE_HIDPI_IMAGES = YES;
				CURRENT_PROJECT_VERSION = 5;
				DEBUG_INFORMATION_FORMAT = dwarf;
				DEVELOPMENT_ASSET_PATHS = "\"r128x-swiftui/Preview Content\"";
				ENABLE_HARDENED_RUNTIME = YES;
				ENABLE_PREVIEWS = YES;
				FRAMEWORK_SEARCH_PATHS = (
					"$(inherited)",
					"$(PROJECT_DIR)/SPMPackages/Build/Intermediates.noindex/Previews/macos/R128xKit/Intermediates.noindex/EagerLinkingTBDs/Debug",
					"$(PROJECT_DIR)/SPMPackages/Build/Intermediates.noindex/Previews/macos/R128xKit/Products/Debug/PackageFrameworks",
				);
				GCC_C_LANGUAGE_STANDARD = gnu11;
				GCC_WARN_ABOUT_RETURN_TYPE = YES_ERROR;
				GCC_WARN_UNINITIALIZED_AUTOS = YES_AGGRESSIVE;
				GENERATE_INFOPLIST_FILE = YES;
				INFOPLIST_FILE = "r128x-swiftui/Info.plist";
				INFOPLIST_KEY_CFBundleDisplayName = "r128x-swiftui";
				INFOPLIST_KEY_LSApplicationCategoryType = "public.app-category.utilities";
				INFOPLIST_KEY_NSHumanReadableCopyright = "Copyright © 2023 Manuel Naudin & Shiki Suen. All rights reserved.";
				LD_RUNPATH_SEARCH_PATHS = (
					"$(inherited)",
					"@executable_path/../Frameworks",
				);
				MACOSX_DEPLOYMENT_TARGET = 12.0;
				MARKETING_VERSION = 0.5.1;
				MTL_ENABLE_DEBUG_INFO = INCLUDE_SOURCE;
				MTL_FAST_MATH = YES;
				PRODUCT_BUNDLE_IDENTIFIER = "net.audionuma.shikisuenForked.r128x-swiftui";
				PRODUCT_NAME = "$(TARGET_NAME)";
				SWIFT_ACTIVE_COMPILATION_CONDITIONS = DEBUG;
				SWIFT_EMIT_LOC_STRINGS = YES;
				SWIFT_OPTIMIZATION_LEVEL = "-Onone";
				SWIFT_VERSION = 5.0;
			};
			name = Debug;
		};
		5BDCA1C02A6D51D500F7202E /* Release */ = {
			isa = XCBuildConfiguration;
			buildSettings = {
				ASSETCATALOG_COMPILER_APPICON_NAME = AppIcon;
				CLANG_ANALYZER_NONNULL = YES;
				CLANG_ANALYZER_NUMBER_OBJECT_CONVERSION = YES_AGGRESSIVE;
				CLANG_CXX_LANGUAGE_STANDARD = "gnu++20";
				CLANG_ENABLE_MODULES = YES;
				CLANG_ENABLE_OBJC_ARC = YES;
				CLANG_ENABLE_OBJC_WEAK = YES;
				CLANG_WARN_DIRECT_OBJC_ISA_USAGE = YES_ERROR;
				CLANG_WARN_DOCUMENTATION_COMMENTS = YES;
				CLANG_WARN_OBJC_ROOT_CLASS = YES_ERROR;
				CLANG_WARN_UNGUARDED_AVAILABILITY = YES_AGGRESSIVE;
				CODE_SIGN_ENTITLEMENTS = "r128x-swiftui/r128x_swiftui.entitlements";
				CODE_SIGN_STYLE = Automatic;
				COMBINE_HIDPI_IMAGES = YES;
				COPY_PHASE_STRIP = NO;
				CURRENT_PROJECT_VERSION = 5;
				DEVELOPMENT_ASSET_PATHS = "\"r128x-swiftui/Preview Content\"";
				ENABLE_HARDENED_RUNTIME = YES;
				ENABLE_NS_ASSERTIONS = NO;
				ENABLE_PREVIEWS = YES;
				FRAMEWORK_SEARCH_PATHS = (
					"$(inherited)",
					"$(PROJECT_DIR)/SPMPackages/Build/Intermediates.noindex/Previews/macos/R128xKit/Intermediates.noindex/EagerLinkingTBDs/Debug",
					"$(PROJECT_DIR)/SPMPackages/Build/Intermediates.noindex/Previews/macos/R128xKit/Products/Debug/PackageFrameworks",
				);
				GCC_C_LANGUAGE_STANDARD = gnu11;
				GCC_WARN_ABOUT_RETURN_TYPE = YES_ERROR;
				GCC_WARN_UNINITIALIZED_AUTOS = YES_AGGRESSIVE;
				GENERATE_INFOPLIST_FILE = YES;
				INFOPLIST_FILE = "r128x-swiftui/Info.plist";
				INFOPLIST_KEY_CFBundleDisplayName = "r128x-swiftui";
				INFOPLIST_KEY_LSApplicationCategoryType = "public.app-category.utilities";
				INFOPLIST_KEY_NSHumanReadableCopyright = "Copyright © 2023 Manuel Naudin & Shiki Suen. All rights reserved.";
				LD_RUNPATH_SEARCH_PATHS = (
					"$(inherited)",
					"@executable_path/../Frameworks",
				);
				MACOSX_DEPLOYMENT_TARGET = 12.0;
				MARKETING_VERSION = 0.5.1;
				MTL_ENABLE_DEBUG_INFO = NO;
				MTL_FAST_MATH = YES;
				PRODUCT_BUNDLE_IDENTIFIER = "net.audionuma.shikisuenForked.r128x-swiftui";
				PRODUCT_NAME = "$(TARGET_NAME)";
				SWIFT_COMPILATION_MODE = wholemodule;
				SWIFT_EMIT_LOC_STRINGS = YES;
				SWIFT_OPTIMIZATION_LEVEL = "-O";
				SWIFT_VERSION = 5.0;
			};
			name = Release;
		};
/* End XCBuildConfiguration section */

/* Begin XCConfigurationList section */
		564C37081605ABFC00C3F184 /* Build configuration list for PBXProject "r128x" */ = {
			isa = XCConfigurationList;
			buildConfigurations = (
				564C37191605ABFC00C3F184 /* Debug */,
				564C371A1605ABFC00C3F184 /* Release */,
			);
			defaultConfigurationIsVisible = 0;
			defaultConfigurationName = Release;
		};
		5BDCA1C12A6D51D500F7202E /* Build configuration list for PBXNativeTarget "r128x-swiftui" */ = {
			isa = XCConfigurationList;
			buildConfigurations = (
				5BDCA1BF2A6D51D500F7202E /* Debug */,
				5BDCA1C02A6D51D500F7202E /* Release */,
			);
			defaultConfigurationIsVisible = 0;
			defaultConfigurationName = Release;
		};
/* End XCConfigurationList section */

/* Begin XCLocalSwiftPackageReference section */
		5B5181722C13085000F0FA00 /* XCLocalSwiftPackageReference "SPMPackages/R128xSPM" */ = {
			isa = XCLocalSwiftPackageReference;
			relativePath = SPMPackages/R128xSPM;
		};
/* End XCLocalSwiftPackageReference section */

/* Begin XCSwiftPackageProductDependency section */
		5B5181732C13085000F0FA00 /* R128xKit */ = {
			isa = XCSwiftPackageProductDependency;
			productName = R128xKit;
		};
/* End XCSwiftPackageProductDependency section */
	};
	rootObject = 564C37051605ABFC00C3F184 /* Project object */;
}
